
Microsoft Visual Studio Solution File, Format Version 12.00
# Visual Studio Version 17
VisualStudioVersion = 17.6.33712.159
MinimumVisualStudioVersion = 10.0.40219.1
Project("{FAE04EC0-301F-11D3-BF4B-00C04F79EFBC}") = "Campaign", "Campaign\Campaign.csproj", "{4C222955-8BAA-4BED-B416-B561C8E1A5C9}"
EndProject
Global
	GlobalSection(SolutionConfigurationPlatforms) = preSolution
		Debug|Any CPU = Debug|Any CPU
		Release|Any CPU = Release|Any CPU
	EndGlobalSection
	GlobalSection(ProjectConfigurationPlatforms) = postSolution
		{4C222955-8BAA-4BED-B416-B561C8E1A5C9}.Debug|Any CPU.ActiveCfg = Debug|Any CPU
		{4C222955-8BAA-4BED-B416-B561C8E1A5C9}.Debug|Any CPU.Build.0 = Debug|Any CPU
		{4C222955-8BAA-4BED-B416-B561C8E1A5C9}.Release|Any CPU.ActiveCfg = Release|Any CPU
		{4C222955-8BAA-4BED-B416-B561C8E1A5C9}.Release|Any CPU.Build.0 = Release|Any CPU
	EndGlobalSection
	GlobalSection(SolutionProperties) = preSolution
		HideSolutionNode = FALSE
	EndGlobalSection
	GlobalSection(ExtensibilityGlobals) = postSolution
		SolutionGuid = {A2F92578-2102-4EF4-B2F1-12BCAB1A1C1C}
	EndGlobalSection
EndGlobal
